// !$*UTF8*$!
{
	archiveVersion = 1;
	classes = {
	};
	objectVersion = 50;
	objects = {

/* Begin PBXBuildFile section */
		FACB8BA82996351800B2E7DD /* AppDelegate.swift in Sources */ = {isa = PBXBuildFile; fileRef = FACB8BA72996351800B2E7DD /* AppDelegate.swift */; };
		FACB8BAA2996351800B2E7DD /* SceneDelegate.swift in Sources */ = {isa = PBXBuildFile; fileRef = FACB8BA92996351800B2E7DD /* SceneDelegate.swift */; };
		FACB8BAC2996351800B2E7DD /* ViewController.swift in Sources */ = {isa = PBXBuildFile; fileRef = FACB8BAB2996351800B2E7DD /* ViewController.swift */; };
		FACB8BAF2996351800B2E7DD /* Main.storyboard in Resources */ = {isa = PBXBuildFile; fileRef = FACB8BAD2996351800B2E7DD /* Main.storyboard */; };
		FACB8BB12996351B00B2E7DD /* Assets.xcassets in Resources */ = {isa = PBXBuildFile; fileRef = FACB8BB02996351B00B2E7DD /* Assets.xcassets */; };
		FACB8BB42996351B00B2E7DD /* LaunchScreen.storyboard in Resources */ = {isa = PBXBuildFile; fileRef = FACB8BB22996351B00B2E7DD /* LaunchScreen.storyboard */; };
		FACB8BBD2996635900B2E7DD /* MainImageView.swift in Sources */ = {isa = PBXBuildFile; fileRef = FACB8BBC2996635900B2E7DD /* MainImageView.swift */; };
		FACB8BC029967DD100B2E7DD /* DetailView.swift in Sources */ = {isa = PBXBuildFile; fileRef = FACB8BBF29967DD100B2E7DD /* DetailView.swift */; };
/* End PBXBuildFile section */

/* Begin PBXFileReference section */
		FACB8BA42996351800B2E7DD /* surf_test.app */ = {isa = PBXFileReference; explicitFileType = wrapper.application; includeInIndex = 0; path = surf_test.app; sourceTree = BUILT_PRODUCTS_DIR; };
		FACB8BA72996351800B2E7DD /* AppDelegate.swift */ = {isa = PBXFileReference; lastKnownFileType = sourcecode.swift; path = AppDelegate.swift; sourceTree = "<group>"; };
		FACB8BA92996351800B2E7DD /* SceneDelegate.swift */ = {isa = PBXFileReference; lastKnownFileType = sourcecode.swift; path = SceneDelegate.swift; sourceTree = "<group>"; };
		FACB8BAB2996351800B2E7DD /* ViewController.swift */ = {isa = PBXFileReference; lastKnownFileType = sourcecode.swift; path = ViewController.swift; sourceTree = "<group>"; };
		FACB8BAE2996351800B2E7DD /* Base */ = {isa = PBXFileReference; lastKnownFileType = file.storyboard; name = Base; path = Base.lproj/Main.storyboard; sourceTree = "<group>"; };
		FACB8BB02996351B00B2E7DD /* Assets.xcassets */ = {isa = PBXFileReference; lastKnownFileType = folder.assetcatalog; path = Assets.xcassets; sourceTree = "<group>"; };
		FACB8BB32996351B00B2E7DD /* Base */ = {isa = PBXFileReference; lastKnownFileType = file.storyboard; name = Base; path = Base.lproj/LaunchScreen.storyboard; sourceTree = "<group>"; };
		FACB8BB52996351B00B2E7DD /* Info.plist */ = {isa = PBXFileReference; lastKnownFileType = text.plist.xml; path = Info.plist; sourceTree = "<group>"; };
		FACB8BBC2996635900B2E7DD /* MainImageView.swift */ = {isa = PBXFileReference; lastKnownFileType = sourcecode.swift; path = MainImageView.swift; sourceTree = "<group>"; };
		FACB8BBF29967DD100B2E7DD /* DetailView.swift */ = {isa = PBXFileReference; lastKnownFileType = sourcecode.swift; path = DetailView.swift; sourceTree = "<group>"; };
/* End PBXFileReference section */

/* Begin PBXFrameworksBuildPhase section */
		FACB8BA12996351800B2E7DD /* Frameworks */ = {
			isa = PBXFrameworksBuildPhase;
			buildActionMask = 2147483647;
			files = (
			);
			runOnlyForDeploymentPostprocessing = 0;
		};
/* End PBXFrameworksBuildPhase section */

/* Begin PBXGroup section */
		FACB8B9B2996351800B2E7DD = {
			isa = PBXGroup;
			children = (
				FACB8BA62996351800B2E7DD /* surf_test */,
				FACB8BA52996351800B2E7DD /* Products */,
			);
			sourceTree = "<group>";
		};
		FACB8BA52996351800B2E7DD /* Products */ = {
			isa = PBXGroup;
			children = (
				FACB8BA42996351800B2E7DD /* surf_test.app */,
			);
			name = Products;
			sourceTree = "<group>";
		};
		FACB8BA62996351800B2E7DD /* surf_test */ = {
			isa = PBXGroup;
			children = (
				FACB8BA72996351800B2E7DD /* AppDelegate.swift */,
				FACB8BA92996351800B2E7DD /* SceneDelegate.swift */,
				FACB8BAB2996351800B2E7DD /* ViewController.swift */,
				FACB8BBF29967DD100B2E7DD /* DetailView.swift */,
				FACB8BBC2996635900B2E7DD /* MainImageView.swift */,
				FACB8BAD2996351800B2E7DD /* Main.storyboard */,
				FACB8BB02996351B00B2E7DD /* Assets.xcassets */,
				FACB8BB22996351B00B2E7DD /* LaunchScreen.storyboard */,
				FACB8BB52996351B00B2E7DD /* Info.plist */,
			);
			path = surf_test;
			sourceTree = "<group>";
		};
/* End PBXGroup section */

/* Begin PBXNativeTarget section */
		FACB8BA32996351800B2E7DD /* surf_test */ = {
			isa = PBXNativeTarget;
			buildConfigurationList = FACB8BB82996351B00B2E7DD /* Build configuration list for PBXNativeTarget "surf_test" */;
			buildPhases = (
				FACB8BA02996351800B2E7DD /* Sources */,
				FACB8BA12996351800B2E7DD /* Frameworks */,
				FACB8BA22996351800B2E7DD /* Resources */,
			);
			buildRules = (
			);
			dependencies = (
			);
			name = surf_test;
			productName = surf_test;
			productReference = FACB8BA42996351800B2E7DD /* surf_test.app */;
			productType = "com.apple.product-type.application";
		};
/* End PBXNativeTarget section */

/* Begin PBXProject section */
		FACB8B9C2996351800B2E7DD /* Project object */ = {
			isa = PBXProject;
			attributes = {
				LastSwiftUpdateCheck = 1200;
				LastUpgradeCheck = 1200;
				TargetAttributes = {
					FACB8BA32996351800B2E7DD = {
						CreatedOnToolsVersion = 12.0;
					};
				};
			};
			buildConfigurationList = FACB8B9F2996351800B2E7DD /* Build configuration list for PBXProject "surf_test" */;
			compatibilityVersion = "Xcode 9.3";
			developmentRegion = en;
			hasScannedForEncodings = 0;
			knownRegions = (
				en,
				Base,
			);
			mainGroup = FACB8B9B2996351800B2E7DD;
			productRefGroup = FACB8BA52996351800B2E7DD /* Products */;
			projectDirPath = "";
			projectRoot = "";
			targets = (
				FACB8BA32996351800B2E7DD /* surf_test */,
			);
		};
/* End PBXProject section */

/* Begin PBXResourcesBuildPhase section */
		FACB8BA22996351800B2E7DD /* Resources */ = {
			isa = PBXResourcesBuildPhase;
			buildActionMask = 2147483647;
			files = (
				FACB8BB42996351B00B2E7DD /* LaunchScreen.storyboard in Resources */,
				FACB8BB12996351B00B2E7DD /* Assets.xcassets in Resources */,
				FACB8BAF2996351800B2E7DD /* Main.storyboard in Resources */,
			);
			runOnlyForDeploymentPostprocessing = 0;
		};
/* End PBXResourcesBuildPhase section */

/* Begin PBXSourcesBuildPhase section */
		FACB8BA02996351800B2E7DD /* Sources */ = {
			isa = PBXSourcesBuildPhase;
			buildActionMask = 2147483647;
			files = (
				FACB8BAC2996351800B2E7DD /* ViewController.swift in Sources */,
				FACB8BBD2996635900B2E7DD /* MainImageView.swift in Sources */,
				FACB8BA82996351800B2E7DD /* AppDelegate.swift in Sources */,
				FACB8BC029967DD100B2E7DD /* DetailView.swift in Sources */,
				FACB8BAA2996351800B2E7DD /* SceneDelegate.swift in Sources */,
			);
			runOnlyForDeploymentPostprocessing = 0;
		};
/* End PBXSourcesBuildPhase section */

/* Begin PBXVariantGroup section */
		FACB8BAD2996351800B2E7DD /* Main.storyboard */ = {
			isa = PBXVariantGroup;
			children = (
				FACB8BAE2996351800B2E7DD /* Base */,
			);
			name = Main.storyboard;
			sourceTree = "<group>";
		};
		FACB8BB22996351B00B2E7DD /* LaunchScreen.storyboard */ = {
			isa = PBXVariantGroup;
			children = (
				FACB8BB32996351B00B2E7DD /* Base */,
			);
			name = LaunchScreen.storyboard;
			sourceTree = "<group>";
		};
/* End PBXVariantGroup section */

/* Begin XCBuildConfiguration section */
		FACB8BB62996351B00B2E7DD /* Debug */ = {
			isa = XCBuildConfiguration;
			buildSettings = {
				ALWAYS_SEARCH_USER_PATHS = NO;
				CLANG_ANALYZER_NONNULL = YES;
				CLANG_ANALYZER_NUMBER_OBJECT_CONVERSION = YES_AGGRESSIVE;
				CLANG_CXX_LANGUAGE_STANDARD = "gnu++14";
				CLANG_CXX_LIBRARY = "libc++";
				CLANG_ENABLE_MODULES = YES;
				CLANG_ENABLE_OBJC_ARC = YES;
				CLANG_ENABLE_OBJC_WEAK = YES;
				CLANG_WARN_BLOCK_CAPTURE_AUTORELEASING = YES;
				CLANG_WARN_BOOL_CONVERSION = YES;
				CLANG_WARN_COMMA = YES;
				CLANG_WARN_CONSTANT_CONVERSION = YES;
				CLANG_WARN_DEPRECATED_OBJC_IMPLEMENTATIONS = YES;
				CLANG_WARN_DIRECT_OBJC_ISA_USAGE = YES_ERROR;
				CLANG_WARN_DOCUMENTATION_COMMENTS = YES;
				CLANG_WARN_EMPTY_BODY = YES;
				CLANG_WARN_ENUM_CONVERSION = YES;
				CLANG_WARN_INFINITE_RECURSION = YES;
				CLANG_WARN_INT_CONVERSION = YES;
				CLANG_WARN_NON_LITERAL_NULL_CONVERSION = YES;
				CLANG_WARN_OBJC_IMPLICIT_RETAIN_SELF = YES;
				CLANG_WARN_OBJC_LITERAL_CONVERSION = YES;
				CLANG_WARN_OBJC_ROOT_CLASS = YES_ERROR;
				CLANG_WARN_QUOTED_INCLUDE_IN_FRAMEWORK_HEADER = YES;
				CLANG_WARN_RANGE_LOOP_ANALYSIS = YES;
				CLANG_WARN_STRICT_PROTOTYPES = YES;
				CLANG_WARN_SUSPICIOUS_MOVE = YES;
				CLANG_WARN_UNGUARDED_AVAILABILITY = YES_AGGRESSIVE;
				CLANG_WARN_UNREACHABLE_CODE = YES;
				CLANG_WARN__DUPLICATE_METHOD_MATCH = YES;
				COPY_PHASE_STRIP = NO;
				DEBUG_INFORMATION_FORMAT = dwarf;
				ENABLE_STRICT_OBJC_MSGSEND = YES;
				ENABLE_TESTABILITY = YES;
				GCC_C_LANGUAGE_STANDARD = gnu11;
				GCC_DYNAMIC_NO_PIC = NO;
				GCC_NO_COMMON_BLOCKS = YES;
				GCC_OPTIMIZATION_LEVEL = 0;
				GCC_PREPROCESSOR_DEFINITIONS = (
					"DEBUG=1",
					"$(inherited)",
				);
				GCC_WARN_64_TO_32_BIT_CONVERSION = YES;
				GCC_WARN_ABOUT_RETURN_TYPE = YES_ERROR;
				GCC_WARN_UNDECLARED_SELECTOR = YES;
				GCC_WARN_UNINITIALIZED_AUTOS = YES_AGGRESSIVE;
				GCC_WARN_UNUSED_FUNCTION = YES;
				GCC_WARN_UNUSED_VARIABLE = YES;
				IPHONEOS_DEPLOYMENT_TARGET = 14.0;
				MTL_ENABLE_DEBUG_INFO = INCLUDE_SOURCE;
				MTL_FAST_MATH = YES;
				ONLY_ACTIVE_ARCH = YES;
				SDKROOT = iphoneos;
				SWIFT_ACTIVE_COMPILATION_CONDITIONS = DEBUG;
				SWIFT_OPTIMIZATION_LEVEL = "-Onone";
			};
			name = Debug;
		};
		FACB8BB72996351B00B2E7DD /* Release */ = {
			isa = XCBuildConfiguration;
			buildSettings = {
				ALWAYS_SEARCH_USER_PATHS = NO;
				CLANG_ANALYZER_NONNULL = YES;
				CLANG_ANALYZER_NUMBER_OBJECT_CONVERSION = YES_AGGRESSIVE;
				CLANG_CXX_LANGUAGE_STANDARD = "gnu++14";
				CLANG_CXX_LIBRARY = "libc++";
				CLANG_ENABLE_MODULES = YES;
				CLANG_ENABLE_OBJC_ARC = YES;
				CLANG_ENABLE_OBJC_WEAK = YES;
				CLANG_WARN_BLOCK_CAPTURE_AUTORELEASING = YES;
				CLANG_WARN_BOOL_CONVERSION = YES;
				CLANG_WARN_COMMA = YES;
				CLANG_WARN_CONSTANT_CONVERSION = YES;
				CLANG_WARN_DEPRECATED_OBJC_IMPLEMENTATIONS = YES;
				CLANG_WARN_DIRECT_OBJC_ISA_USAGE = YES_ERROR;
				CLANG_WARN_DOCUMENTATION_COMMENTS = YES;
				CLANG_WARN_EMPTY_BODY = YES;
				CLANG_WARN_ENUM_CONVERSION = YES;
				CLANG_WARN_INFINITE_RECURSION = YES;
				CLANG_WARN_INT_CONVERSION = YES;
				CLANG_WARN_NON_LITERAL_NULL_CONVERSION = YES;
				CLANG_WARN_OBJC_IMPLICIT_RETAIN_SELF = YES;
				CLANG_WARN_OBJC_LITERAL_CONVERSION = YES;
				CLANG_WARN_OBJC_ROOT_CLASS = YES_ERROR;
				CLANG_WARN_QUOTED_INCLUDE_IN_FRAMEWORK_HEADER = YES;
				CLANG_WARN_RANGE_LOOP_ANALYSIS = YES;
				CLANG_WARN_STRICT_PROTOTYPES = YES;
				CLANG_WARN_SUSPICIOUS_MOVE = YES;
				CLANG_WARN_UNGUARDED_AVAILABILITY = YES_AGGRESSIVE;
				CLANG_WARN_UNREACHABLE_CODE = YES;
				CLANG_WARN__DUPLICATE_METHOD_MATCH = YES;
				COPY_PHASE_STRIP = NO;
				DEBUG_INFORMATION_FORMAT = "dwarf-with-dsym";
				ENABLE_NS_ASSERTIONS = NO;
				ENABLE_STRICT_OBJC_MSGSEND = YES;
				GCC_C_LANGUAGE_STANDARD = gnu11;
				GCC_NO_COMMON_BLOCKS = YES;
				GCC_WARN_64_TO_32_BIT_CONVERSION = YES;
				GCC_WARN_ABOUT_RETURN_TYPE = YES_ERROR;
				GCC_WARN_UNDECLARED_SELECTOR = YES;
				GCC_WARN_UNINITIALIZED_AUTOS = YES_AGGRESSIVE;
				GCC_WARN_UNUSED_FUNCTION = YES;
				GCC_WARN_UNUSED_VARIABLE = YES;
				IPHONEOS_DEPLOYMENT_TARGET = 14.0;
				MTL_ENABLE_DEBUG_INFO = NO;
				MTL_FAST_MATH = YES;
				SDKROOT = iphoneos;
				SWIFT_COMPILATION_MODE = wholemodule;
				SWIFT_OPTIMIZATION_LEVEL = "-O";
				VALIDATE_PRODUCT = YES;
			};
			name = Release;
		};
		FACB8BB92996351B00B2E7DD /* Debug */ = {
			isa = XCBuildConfiguration;
			buildSettings = {
				ASSETCATALOG_COMPILER_APPICON_NAME = AppIcon;
				ASSETCATALOG_COMPILER_GLOBAL_ACCENT_COLOR_NAME = AccentColor;
				CODE_SIGN_STYLE = Automatic;
				DEVELOPMENT_TEAM = 6K8TWM2B86;
				INFOPLIST_FILE = surf_test/Info.plist;
				LD_RUNPATH_SEARCH_PATHS = (
					"$(inherited)",
					"@executable_path/Frameworks",
				);
				PRODUCT_BUNDLE_IDENTIFIER = "chaykin.surf-test";
				PRODUCT_NAME = "$(TARGET_NAME)";
				SWIFT_VERSION = 5.0;
				TARGETED_DEVICE_FAMILY = "1,2";
			};
			name = Debug;
		};
		FACB8BBA2996351B00B2E7DD /* Release */ = {
			isa = XCBuildConfiguration;
			buildSettings = {
				ASSETCATALOG_COMPILER_APPICON_NAME = AppIcon;
				ASSETCATALOG_COMPILER_GLOBAL_ACCENT_COLOR_NAME = AccentColor;
				CODE_SIGN_STYLE = Automatic;
				DEVELOPMENT_TEAM = 6K8TWM2B86;
				INFOPLIST_FILE = surf_test/Info.plist;
				LD_RUNPATH_SEARCH_PATHS = (
					"$(inherited)",
					"@executable_path/Frameworks",
				);
				PRODUCT_BUNDLE_IDENTIFIER = "chaykin.surf-test";
				PRODUCT_NAME = "$(TARGET_NAME)";
				SWIFT_VERSION = 5.0;
				TARGETED_DEVICE_FAMILY = "1,2";
			};
			name = Release;
		};
/* End XCBuildConfiguration section */

/* Begin XCConfigurationList section */
		FACB8B9F2996351800B2E7DD /* Build configuration list for PBXProject "surf_test" */ = {
			isa = XCConfigurationList;
			buildConfigurations = (
				FACB8BB62996351B00B2E7DD /* Debug */,
				FACB8BB72996351B00B2E7DD /* Release */,
			);
			defaultConfigurationIsVisible = 0;
			defaultConfigurationName = Release;
		};
		FACB8BB82996351B00B2E7DD /* Build configuration list for PBXNativeTarget "surf_test" */ = {
			isa = XCConfigurationList;
			buildConfigurations = (
				FACB8BB92996351B00B2E7DD /* Debug */,
				FACB8BBA2996351B00B2E7DD /* Release */,
			);
			defaultConfigurationIsVisible = 0;
			defaultConfigurationName = Release;
		};
/* End XCConfigurationList section */
	};
	rootObject = FACB8B9C2996351800B2E7DD /* Project object */;
}
